
Microsoft Visual Studio Solution File, Format Version 12.00
# Visual Studio 2012
Project("{FAE04EC0-301F-11D3-BF4B-00C04F79EFBC}") = "UIShell.WeChatShell", "UIShell.WeChatShell\UIShell.WeChatShell.csproj", "{56B4B6DB-CD96-4E51-ADD8-642C02A749B6}"
EndProject
Project("{FAE04EC0-301F-11D3-BF4B-00C04F79EFBC}") = "UIShell.WeChatProxyPlugin", "UIShell.WeChatShell\Plugins\UIShell.WeChatProxyPlugin\UIShell.WeChatProxyPlugin.csproj", "{AF516E9F-FA29-452B-BA9E-4F0EE62F6938}"
EndProject
Project("{FAE04EC0-301F-11D3-BF4B-00C04F79EFBC}") = "UIShell.iOpenWorksHelpPlugin", "UIShell.WeChatShell\Plugins\UIShell.iOpenWorksHelpPlugin\UIShell.iOpenWorksHelpPlugin.csproj", "{996D044D-60C6-44C5-827C-17E670CB7F65}"
EndProject
Project("{FAE04EC0-301F-11D3-BF4B-00C04F79EFBC}") = "UIShell.ExtensionProviderService", "UIShell.WeChatShell\Plugins\UIShell.ExtensionProviderService\UIShell.ExtensionProviderService.csproj", "{6E8CFB83-B2FC-43D3-B013-CDF945E18195}"
EndProject
Project("{2150E333-8FDC-42A3-9474-1A3956D46DE8}") = "Services", "Services", "{D54F7842-7EC4-4B76-83D4-C3CA34A20C2E}"
EndProject
Project("{2150E333-8FDC-42A3-9474-1A3956D46DE8}") = "Plugins", "Plugins", "{5497CAFF-20F2-41BC-87D1-D578D1C57221}"
EndProject
Global
	GlobalSection(SolutionConfigurationPlatforms) = preSolution
		Debug|Any CPU = Debug|Any CPU
		Release|Any CPU = Release|Any CPU
	EndGlobalSection
	GlobalSection(ProjectConfigurationPlatforms) = postSolution
		{56B4B6DB-CD96-4E51-ADD8-642C02A749B6}.Debug|Any CPU.ActiveCfg = Debug|Any CPU
		{56B4B6DB-CD96-4E51-ADD8-642C02A749B6}.Debug|Any CPU.Build.0 = Debug|Any CPU
		{56B4B6DB-CD96-4E51-ADD8-642C02A749B6}.Release|Any CPU.ActiveCfg = Release|Any CPU
		{56B4B6DB-CD96-4E51-ADD8-642C02A749B6}.Release|Any CPU.Build.0 = Release|Any CPU
		{AF516E9F-FA29-452B-BA9E-4F0EE62F6938}.Debug|Any CPU.ActiveCfg = Debug|Any CPU
		{AF516E9F-FA29-452B-BA9E-4F0EE62F6938}.Debug|Any CPU.Build.0 = Debug|Any CPU
		{AF516E9F-FA29-452B-BA9E-4F0EE62F6938}.Release|Any CPU.ActiveCfg = Release|Any CPU
		{AF516E9F-FA29-452B-BA9E-4F0EE62F6938}.Release|Any CPU.Build.0 = Release|Any CPU
		{996D044D-60C6-44C5-827C-17E670CB7F65}.Debug|Any CPU.ActiveCfg = Debug|Any CPU
		{996D044D-60C6-44C5-827C-17E670CB7F65}.Debug|Any CPU.Build.0 = Debug|Any CPU
		{996D044D-60C6-44C5-827C-17E670CB7F65}.Release|Any CPU.ActiveCfg = Release|Any CPU
		{996D044D-60C6-44C5-827C-17E670CB7F65}.Release|Any CPU.Build.0 = Release|Any CPU
		{6E8CFB83-B2FC-43D3-B013-CDF945E18195}.Debug|Any CPU.ActiveCfg = Debug|Any CPU
		{6E8CFB83-B2FC-43D3-B013-CDF945E18195}.Debug|Any CPU.Build.0 = Debug|Any CPU
		{6E8CFB83-B2FC-43D3-B013-CDF945E18195}.Release|Any CPU.ActiveCfg = Release|Any CPU
		{6E8CFB83-B2FC-43D3-B013-CDF945E18195}.Release|Any CPU.Build.0 = Release|Any CPU
	EndGlobalSection
	GlobalSection(SolutionProperties) = preSolution
		HideSolutionNode = FALSE
	EndGlobalSection
	GlobalSection(NestedProjects) = preSolution
		{996D044D-60C6-44C5-827C-17E670CB7F65} = {5497CAFF-20F2-41BC-87D1-D578D1C57221}
		{AF516E9F-FA29-452B-BA9E-4F0EE62F6938} = {5497CAFF-20F2-41BC-87D1-D578D1C57221}
		{6E8CFB83-B2FC-43D3-B013-CDF945E18195} = {D54F7842-7EC4-4B76-83D4-C3CA34A20C2E}
	EndGlobalSection
EndGlobal
